
Microsoft Visual Studio Solution File, Format Version 12.00
# Visual Studio Version 17
VisualStudioVersion = 17.5.33627.172
MinimumVisualStudioVersion = 10.0.40219.1
Project("{9A19103F-16F7-4668-BE54-9A1E7A4F7556}") = "PostgreSQLDocumentManager", "Source\PostgreSQLDocumentManager\PostgreSQLDocumentManager.csproj", "{7BFB93B6-C127-4429-91B2-3E589D1FFBDD}"
EndProject
Project("{9A19103F-16F7-4668-BE54-9A1E7A4F7556}") = "Infrastructure", "Source\Infrastructure\Infrastructure.csproj", "{62556421-14A1-4E35-957E-EE8D696AB00C}"
EndProject
Project("{9A19103F-16F7-4668-BE54-9A1E7A4F7556}") = "ApplicationCore", "Source\Application\ApplicationCore.csproj", "{6B3ABA28-6081-4E32-90DF-1DF2F9025C79}"
EndProject
Project("{2150E333-8FDC-42A3-9474-1A3956D46DE8}") = "Solution Items", "Solution Items", "{7B3E2658-F957-43E2-A324-DBE5C530B385}"
	ProjectSection(SolutionItems) = preProject
		01-create_database.sql = 01-create_database.sql
		docker-compose.yml = docker-compose.yml
		README.md = README.md
	EndProjectSection
EndProject
Project("{2150E333-8FDC-42A3-9474-1A3956D46DE8}") = "tests", "tests", "{9CA917FB-7881-4765-9451-709B8BF8CD68}"
EndProject
Project("{2150E333-8FDC-42A3-9474-1A3956D46DE8}") = "source", "source", "{EEEE21AB-511E-40A8-BA2A-4C90D07AFF6D}"
EndProject
Project("{9A19103F-16F7-4668-BE54-9A1E7A4F7556}") = "UnitTests", "tests\UnitTests\UnitTests.csproj", "{32063A89-91A9-4374-AF69-1E87760E63F6}"
EndProject
Global
	GlobalSection(SolutionConfigurationPlatforms) = preSolution
		Debug|Any CPU = Debug|Any CPU
		Release|Any CPU = Release|Any CPU
	EndGlobalSection
	GlobalSection(ProjectConfigurationPlatforms) = postSolution
		{7BFB93B6-C127-4429-91B2-3E589D1FFBDD}.Debug|Any CPU.ActiveCfg = Debug|Any CPU
		{7BFB93B6-C127-4429-91B2-3E589D1FFBDD}.Debug|Any CPU.Build.0 = Debug|Any CPU
		{7BFB93B6-C127-4429-91B2-3E589D1FFBDD}.Release|Any CPU.ActiveCfg = Release|Any CPU
		{7BFB93B6-C127-4429-91B2-3E589D1FFBDD}.Release|Any CPU.Build.0 = Release|Any CPU
		{62556421-14A1-4E35-957E-EE8D696AB00C}.Debug|Any CPU.ActiveCfg = Debug|Any CPU
		{62556421-14A1-4E35-957E-EE8D696AB00C}.Debug|Any CPU.Build.0 = Debug|Any CPU
		{62556421-14A1-4E35-957E-EE8D696AB00C}.Release|Any CPU.ActiveCfg = Release|Any CPU
		{62556421-14A1-4E35-957E-EE8D696AB00C}.Release|Any CPU.Build.0 = Release|Any CPU
		{6B3ABA28-6081-4E32-90DF-1DF2F9025C79}.Debug|Any CPU.ActiveCfg = Debug|Any CPU
		{6B3ABA28-6081-4E32-90DF-1DF2F9025C79}.Debug|Any CPU.Build.0 = Debug|Any CPU
		{6B3ABA28-6081-4E32-90DF-1DF2F9025C79}.Release|Any CPU.ActiveCfg = Release|Any CPU
		{6B3ABA28-6081-4E32-90DF-1DF2F9025C79}.Release|Any CPU.Build.0 = Release|Any CPU
		{32063A89-91A9-4374-AF69-1E87760E63F6}.Debug|Any CPU.ActiveCfg = Debug|Any CPU
		{32063A89-91A9-4374-AF69-1E87760E63F6}.Debug|Any CPU.Build.0 = Debug|Any CPU
		{32063A89-91A9-4374-AF69-1E87760E63F6}.Release|Any CPU.ActiveCfg = Release|Any CPU
		{32063A89-91A9-4374-AF69-1E87760E63F6}.Release|Any CPU.Build.0 = Release|Any CPU
	EndGlobalSection
	GlobalSection(SolutionProperties) = preSolution
		HideSolutionNode = FALSE
	EndGlobalSection
	GlobalSection(NestedProjects) = preSolution
		{7BFB93B6-C127-4429-91B2-3E589D1FFBDD} = {EEEE21AB-511E-40A8-BA2A-4C90D07AFF6D}
		{62556421-14A1-4E35-957E-EE8D696AB00C} = {EEEE21AB-511E-40A8-BA2A-4C90D07AFF6D}
		{6B3ABA28-6081-4E32-90DF-1DF2F9025C79} = {EEEE21AB-511E-40A8-BA2A-4C90D07AFF6D}
		{32063A89-91A9-4374-AF69-1E87760E63F6} = {9CA917FB-7881-4765-9451-709B8BF8CD68}
	EndGlobalSection
	GlobalSection(ExtensibilityGlobals) = postSolution
		SolutionGuid = {7966FF6E-AADD-4392-BA9D-4F868C82EEC8}
	EndGlobalSection
EndGlobal
